
Microsoft Visual Studio Solution File, Format Version 12.00
# Visual Studio Version 17
VisualStudioVersion = 17.6.33815.320
MinimumVisualStudioVersion = 10.0.40219.1
Project("{FAE04EC0-301F-11D3-BF4B-00C04F79EFBC}") = "ExerciseTwoDayTen", "ExerciseTwoDayTen\ExerciseTwoDayTen.csproj", "{01EE6D00-5660-4F69-B9CE-18739A2633AD}"
EndProject
Project("{FAE04EC0-301F-11D3-BF4B-00C04F79EFBC}") = "ExerciseTwoDay10", "ExerciseTwoDay10\ExerciseTwoDay10.csproj", "{2BED4BF4-935F-4E1A-B220-1DEB46E7851A}"
EndProject
Global
	GlobalSection(SolutionConfigurationPlatforms) = preSolution
		Debug|Any CPU = Debug|Any CPU
		Release|Any CPU = Release|Any CPU
	EndGlobalSection
	GlobalSection(ProjectConfigurationPlatforms) = postSolution
		{01EE6D00-5660-4F69-B9CE-18739A2633AD}.Debug|Any CPU.ActiveCfg = Debug|Any CPU
		{01EE6D00-5660-4F69-B9CE-18739A2633AD}.Debug|Any CPU.Build.0 = Debug|Any CPU
		{01EE6D00-5660-4F69-B9CE-18739A2633AD}.Release|Any CPU.ActiveCfg = Release|Any CPU
		{01EE6D00-5660-4F69-B9CE-18739A2633AD}.Release|Any CPU.Build.0 = Release|Any CPU
		{2BED4BF4-935F-4E1A-B220-1DEB46E7851A}.Debug|Any CPU.ActiveCfg = Debug|Any CPU
		{2BED4BF4-935F-4E1A-B220-1DEB46E7851A}.Debug|Any CPU.Build.0 = Debug|Any CPU
		{2BED4BF4-935F-4E1A-B220-1DEB46E7851A}.Release|Any CPU.ActiveCfg = Release|Any CPU
		{2BED4BF4-935F-4E1A-B220-1DEB46E7851A}.Release|Any CPU.Build.0 = Release|Any CPU
	EndGlobalSection
	GlobalSection(SolutionProperties) = preSolution
		HideSolutionNode = FALSE
	EndGlobalSection
	GlobalSection(ExtensibilityGlobals) = postSolution
		SolutionGuid = {77B50B34-16D9-4886-8762-7AB8DA16DA46}
	EndGlobalSection
EndGlobal
